
Microsoft Visual Studio Solution File, Format Version 12.00
# Visual Studio Version 17
VisualStudioVersion = 17.9.34728.123
MinimumVisualStudioVersion = 10.0.40219.1
Project("{FAE04EC0-301F-11D3-BF4B-00C04F79EFBC}") = "ConsoleApp", "ConsoleApp\ConsoleApp.csproj", "{51957EC9-812A-457F-B8A7-E51B5B664D10}"
EndProject
Project("{FAE04EC0-301F-11D3-BF4B-00C04F79EFBC}") = "WPFApp", "WPFApp\WPFApp.csproj", "{4EA18A9D-98C9-4BA8-B5AD-4DFF6B3D3DF6}"
EndProject
Project("{FAE04EC0-301F-11D3-BF4B-00C04F79EFBC}") = "ServerApp", "ServerApp\ServerApp.csproj", "{51E2BCE8-0DD3-48B4-8116-675A8719D8C8}"
EndProject
Project("{FAE04EC0-301F-11D3-BF4B-00C04F79EFBC}") = "ClientApp", "ClientApp\ClientApp.csproj", "{EDBED775-C8B8-44F5-89A4-0FB1ADF69163}"
EndProject
Project("{FAE04EC0-301F-11D3-BF4B-00C04F79EFBC}") = "UDPServerApp", "UDPServerApp\UDPServerApp.csproj", "{2F50E450-57E4-436A-B6B2-604AE0F65B68}"
EndProject
Project("{FAE04EC0-301F-11D3-BF4B-00C04F79EFBC}") = "UDPClientApp", "UDPClientApp\UDPClientApp.csproj", "{4957913A-2930-4E31-880D-374933A56FCE}"
EndProject
Global
	GlobalSection(SolutionConfigurationPlatforms) = preSolution
		Debug|Any CPU = Debug|Any CPU
		Release|Any CPU = Release|Any CPU
	EndGlobalSection
	GlobalSection(ProjectConfigurationPlatforms) = postSolution
		{51957EC9-812A-457F-B8A7-E51B5B664D10}.Debug|Any CPU.ActiveCfg = Debug|Any CPU
		{51957EC9-812A-457F-B8A7-E51B5B664D10}.Debug|Any CPU.Build.0 = Debug|Any CPU
		{51957EC9-812A-457F-B8A7-E51B5B664D10}.Release|Any CPU.ActiveCfg = Release|Any CPU
		{51957EC9-812A-457F-B8A7-E51B5B664D10}.Release|Any CPU.Build.0 = Release|Any CPU
		{4EA18A9D-98C9-4BA8-B5AD-4DFF6B3D3DF6}.Debug|Any CPU.ActiveCfg = Debug|Any CPU
		{4EA18A9D-98C9-4BA8-B5AD-4DFF6B3D3DF6}.Debug|Any CPU.Build.0 = Debug|Any CPU
		{4EA18A9D-98C9-4BA8-B5AD-4DFF6B3D3DF6}.Release|Any CPU.ActiveCfg = Release|Any CPU
		{4EA18A9D-98C9-4BA8-B5AD-4DFF6B3D3DF6}.Release|Any CPU.Build.0 = Release|Any CPU
		{51E2BCE8-0DD3-48B4-8116-675A8719D8C8}.Debug|Any CPU.ActiveCfg = Debug|Any CPU
		{51E2BCE8-0DD3-48B4-8116-675A8719D8C8}.Debug|Any CPU.Build.0 = Debug|Any CPU
		{51E2BCE8-0DD3-48B4-8116-675A8719D8C8}.Release|Any CPU.ActiveCfg = Release|Any CPU
		{51E2BCE8-0DD3-48B4-8116-675A8719D8C8}.Release|Any CPU.Build.0 = Release|Any CPU
		{EDBED775-C8B8-44F5-89A4-0FB1ADF69163}.Debug|Any CPU.ActiveCfg = Debug|Any CPU
		{EDBED775-C8B8-44F5-89A4-0FB1ADF69163}.Debug|Any CPU.Build.0 = Debug|Any CPU
		{EDBED775-C8B8-44F5-89A4-0FB1ADF69163}.Release|Any CPU.ActiveCfg = Release|Any CPU
		{EDBED775-C8B8-44F5-89A4-0FB1ADF69163}.Release|Any CPU.Build.0 = Release|Any CPU
		{2F50E450-57E4-436A-B6B2-604AE0F65B68}.Debug|Any CPU.ActiveCfg = Debug|Any CPU
		{2F50E450-57E4-436A-B6B2-604AE0F65B68}.Debug|Any CPU.Build.0 = Debug|Any CPU
		{2F50E450-57E4-436A-B6B2-604AE0F65B68}.Release|Any CPU.ActiveCfg = Release|Any CPU
		{2F50E450-57E4-436A-B6B2-604AE0F65B68}.Release|Any CPU.Build.0 = Release|Any CPU
		{4957913A-2930-4E31-880D-374933A56FCE}.Debug|Any CPU.ActiveCfg = Debug|Any CPU
		{4957913A-2930-4E31-880D-374933A56FCE}.Debug|Any CPU.Build.0 = Debug|Any CPU
		{4957913A-2930-4E31-880D-374933A56FCE}.Release|Any CPU.ActiveCfg = Release|Any CPU
		{4957913A-2930-4E31-880D-374933A56FCE}.Release|Any CPU.Build.0 = Release|Any CPU
	EndGlobalSection
	GlobalSection(SolutionProperties) = preSolution
		HideSolutionNode = FALSE
	EndGlobalSection
	GlobalSection(ExtensibilityGlobals) = postSolution
		SolutionGuid = {B9A2E10E-AAF9-4A50-9F90-C816C4D52004}
	EndGlobalSection
EndGlobal
